
Microsoft Visual Studio Solution File, Format Version 12.00
# Visual Studio Version 16
VisualStudioVersion = 16.0.30907.101
MinimumVisualStudioVersion = 10.0.40219.1
Project("{FAE04EC0-301F-11D3-BF4B-00C04F79EFBC}") = "WithoutIdentityDemo", "WithoutIdentityDemo\WithoutIdentityDemo.csproj", "{C368E93E-3510-43A4-8165-AC97CD44524E}"
EndProject
Global
	GlobalSection(SolutionConfigurationPlatforms) = preSolution
		Debug|Any CPU = Debug|Any CPU
		Release|Any CPU = Release|Any CPU
	EndGlobalSection
	GlobalSection(ProjectConfigurationPlatforms) = postSolution
		{C368E93E-3510-43A4-8165-AC97CD44524E}.Debug|Any CPU.ActiveCfg = Debug|Any CPU
		{C368E93E-3510-43A4-8165-AC97CD44524E}.Debug|Any CPU.Build.0 = Debug|Any CPU
		{C368E93E-3510-43A4-8165-AC97CD44524E}.Release|Any CPU.ActiveCfg = Release|Any CPU
		{C368E93E-3510-43A4-8165-AC97CD44524E}.Release|Any CPU.Build.0 = Release|Any CPU
	EndGlobalSection
	GlobalSection(SolutionProperties) = preSolution
		HideSolutionNode = FALSE
	EndGlobalSection
	GlobalSection(ExtensibilityGlobals) = postSolution
		SolutionGuid = {2D052E95-5510-4849-B1CD-D380A3DBD511}
	EndGlobalSection
EndGlobal
